
Microsoft Visual Studio Solution File, Format Version 12.00
# Visual Studio Version 17
VisualStudioVersion = 17.7.34031.279
MinimumVisualStudioVersion = 10.0.40219.1
Project("{9A19103F-16F7-4668-BE54-9A1E7A4F7556}") = "PhaseEndProject1", "PhaseEndProject1.csproj", "{38D747AF-91D9-4103-9DFD-F04385409D27}"
EndProject
Global
	GlobalSection(SolutionConfigurationPlatforms) = preSolution
		Debug|Any CPU = Debug|Any CPU
		Release|Any CPU = Release|Any CPU
	EndGlobalSection
	GlobalSection(ProjectConfigurationPlatforms) = postSolution
		{38D747AF-91D9-4103-9DFD-F04385409D27}.Debug|Any CPU.ActiveCfg = Debug|Any CPU
		{38D747AF-91D9-4103-9DFD-F04385409D27}.Debug|Any CPU.Build.0 = Debug|Any CPU
		{38D747AF-91D9-4103-9DFD-F04385409D27}.Release|Any CPU.ActiveCfg = Release|Any CPU
		{38D747AF-91D9-4103-9DFD-F04385409D27}.Release|Any CPU.Build.0 = Release|Any CPU
	EndGlobalSection
	GlobalSection(SolutionProperties) = preSolution
		HideSolutionNode = FALSE
	EndGlobalSection
	GlobalSection(ExtensibilityGlobals) = postSolution
		SolutionGuid = {69258C79-DDF0-420E-A901-529BB937960A}
	EndGlobalSection
EndGlobal
